
Microsoft Visual Studio Solution File, Format Version 12.00
# Visual Studio 15
VisualStudioVersion = 15.0.28307.1738
MinimumVisualStudioVersion = 10.0.40219.1
Project("{FAE04EC0-301F-11D3-BF4B-00C04F79EFBC}") = "LG Chem", "LG_Chem\LG Chem.csproj", "{1C97845A-64B9-4628-85CF-BF926C28C898}"
EndProject
Global
	GlobalSection(SolutionConfigurationPlatforms) = preSolution
		Debug|Any CPU = Debug|Any CPU
		Debug|x64 = Debug|x64
		Debug|x86 = Debug|x86
		Release|Any CPU = Release|Any CPU
		Release|x64 = Release|x64
		Release|x86 = Release|x86
	EndGlobalSection
	GlobalSection(ProjectConfigurationPlatforms) = postSolution
		{1C97845A-64B9-4628-85CF-BF926C28C898}.Debug|Any CPU.ActiveCfg = Debug|Any CPU
		{1C97845A-64B9-4628-85CF-BF926C28C898}.Debug|Any CPU.Build.0 = Debug|Any CPU
		{1C97845A-64B9-4628-85CF-BF926C28C898}.Debug|x64.ActiveCfg = Debug|Any CPU
		{1C97845A-64B9-4628-85CF-BF926C28C898}.Debug|x64.Build.0 = Debug|Any CPU
		{1C97845A-64B9-4628-85CF-BF926C28C898}.Debug|x86.ActiveCfg = Debug|Any CPU
		{1C97845A-64B9-4628-85CF-BF926C28C898}.Debug|x86.Build.0 = Debug|Any CPU
		{1C97845A-64B9-4628-85CF-BF926C28C898}.Release|Any CPU.ActiveCfg = Release|Any CPU
		{1C97845A-64B9-4628-85CF-BF926C28C898}.Release|Any CPU.Build.0 = Release|Any CPU
		{1C97845A-64B9-4628-85CF-BF926C28C898}.Release|x64.ActiveCfg = Release|Any CPU
		{1C97845A-64B9-4628-85CF-BF926C28C898}.Release|x64.Build.0 = Release|Any CPU
		{1C97845A-64B9-4628-85CF-BF926C28C898}.Release|x86.ActiveCfg = Release|Any CPU
		{1C97845A-64B9-4628-85CF-BF926C28C898}.Release|x86.Build.0 = Release|Any CPU
	EndGlobalSection
	GlobalSection(SolutionProperties) = preSolution
		HideSolutionNode = FALSE
	EndGlobalSection
	GlobalSection(ExtensibilityGlobals) = postSolution
		SolutionGuid = {0D3C1D48-FE73-452D-8F4E-58D03132634D}
	EndGlobalSection
EndGlobal
